
Microsoft Visual Studio Solution File, Format Version 12.00
# Visual Studio 14
VisualStudioVersion = 14.0.24720.0
MinimumVisualStudioVersion = 10.0.40219.1
Project("{FAE04EC0-301F-11D3-BF4B-00C04F79EFBC}") = "Supercluster", "Supercluster\Supercluster.csproj", "{454782A4-2DA2-49A0-BD91-E2B130B2382D}"
EndProject
Project("{FAE04EC0-301F-11D3-BF4B-00C04F79EFBC}") = "Supercluster.Tests", "Supercluster.Tests\Supercluster.Tests.csproj", "{0D661C93-C40A-4B3F-AFE8-B7D2